
Microsoft Visual Studio Solution File, Format Version 12.00
# Visual Studio 2013
VisualStudioVersion = 12.0.31101.0
MinimumVisualStudioVersion = 10.0.40219.1
Project("{FAE04EC0-301F-11D3-BF4B-00C04F79EFBC}") = "Cdf54.Projet2015", "Cdf54.Projet2015\Cdf54.Projet2015.csproj", "{BF3B8681-81CA-4404-BA83-1CFB23E8DB70}"
EndProject
Project("{F088123C-0E9E-452A-89E6-6BA2F21D5CAC}") = "Cdf54.Projet2015.Modeling", "Cdf54.Projet2015.Modeling\Cdf54.Projet2015.Modeling.modelproj", "{E0D0B9B5-3930-48E6-AD46-B7E7321B7046}"
EndProject
Global
	GlobalSection(TeamFoundationVersionControl) = preSolution
		SccNumberOfProjects = 3
		SccEnterpriseProvider = {4CA58AB2-18FA-4F8D-95D4-32DDF27D184C}
		SccTeamFoundationServer = https://tfs.codeplex.com/tfs/tfs01
		SccLocalPath0 = .
		SccProjectUniqueName1 = Cdf54.Projet2015.Modeling\\Cdf54.Projet2015.Modeling.modelproj
		SccProjectName1 = Cdf54.Projet2015.Modeling
		SccLocalPath1 = Cdf54.Projet2015.Modeling
		SccProjectUniqueName2 = Cdf54.Projet2015\\Cdf54.Projet2015.csproj
		SccProjectName2 = Cdf54.Projet2015
		SccLocalPath2 = Cdf54.Projet2015
	EndGlobalSection
	GlobalSection(SolutionConfigurationPlatforms) = preSolution
		Debug|Any CPU = Debug|Any CPU
		Release|Any CPU = Release|Any CPU
	EndGlobalSection
	GlobalSection(ProjectConfigurationPlatforms) = postSolution
		{BF3B8681-81CA-4404-BA83-1CFB23E8DB70}.Debug|Any CPU.ActiveCfg = Debug|Any CPU
		{BF3B8681-81CA-4404-BA83-1CFB23E8DB70}.Debug|Any CPU.Build.0 = Debug|Any CPU
		{BF3B8681-81CA-4404-BA83-1CFB23E8DB70}.Release|Any CPU.ActiveCfg = Release|Any CPU
		{BF3B8681-81CA-4404-BA83-1CFB23E8DB70}.Release|Any CPU.Build.0 = Release|Any CPU
		{E0D0B9B5-3930-48E6-AD46-B7E7321B7046}.Debug|Any CPU.ActiveCfg = Debug|Any CPU
		{E0D0B9B5-3930-48E6-AD46-B7E7321B7046}.Debug|Any CPU.Build.0 = Debug|Any CPU
		{E0D0B9B5-3930-48E6-AD46-B7E7321B7046}.Release|Any CPU.ActiveCfg = Release|Any CPU
		{E0D0B9B5-3930-48E6-AD46-B7E7321B7046}.Release|Any CPU.Build.0 = Release|Any CPU
	EndGlobalSection
	GlobalSection(SolutionProperties) = preSolution
		HideSolutionNode = FALSE
	EndGlobalSection
EndGlobal
